
Microsoft Visual Studio Solution File, Format Version 12.00
# Visual Studio Version 17
VisualStudioVersion = 17.9.34622.214
MinimumVisualStudioVersion = 10.0.40219.1
Project("{FAE04EC0-301F-11D3-BF4B-00C04F79EFBC}") = "Comex Oficial", "Comex Oficial\Comex Oficial.csproj", "{CCE2E92F-D7D8-45FF-BE86-F4D4C8678DAD}"
EndProject
Global
	GlobalSection(SolutionConfigurationPlatforms) = preSolution
		Debug|Any CPU = Debug|Any CPU
		Release|Any CPU = Release|Any CPU
	EndGlobalSection
	GlobalSection(ProjectConfigurationPlatforms) = postSolution
		{CCE2E92F-D7D8-45FF-BE86-F4D4C8678DAD}.Debug|Any CPU.ActiveCfg = Debug|Any CPU
		{CCE2E92F-D7D8-45FF-BE86-F4D4C8678DAD}.Debug|Any CPU.Build.0 = Debug|Any CPU
		{CCE2E92F-D7D8-45FF-BE86-F4D4C8678DAD}.Release|Any CPU.ActiveCfg = Release|Any CPU
		{CCE2E92F-D7D8-45FF-BE86-F4D4C8678DAD}.Release|Any CPU.Build.0 = Release|Any CPU
	EndGlobalSection
	GlobalSection(SolutionProperties) = preSolution
		HideSolutionNode = FALSE
	EndGlobalSection
	GlobalSection(ExtensibilityGlobals) = postSolution
		SolutionGuid = {FABDD571-5638-4E5E-B80A-2EEE4EA5D5E2}
	EndGlobalSection
EndGlobal
